
Microsoft Visual Studio Solution File, Format Version 12.00
# Visual Studio Version 17
VisualStudioVersion = 17.11.35327.3
MinimumVisualStudioVersion = 10.0.40219.1
Project("{8BC9CEB8-8B4A-11D0-8D11-00A0C91BC942}") = "devops2.1", "devops2.1\devops2.1.vcxproj", "{835FDA39-1C07-4089-9F90-510B5B7E75C6}"
EndProject
Global
	GlobalSection(SolutionConfigurationPlatforms) = preSolution
		Debug|x64 = Debug|x64
		Debug|x86 = Debug|x86
		Release|x64 = Release|x64
		Release|x86 = Release|x86
	EndGlobalSection
	GlobalSection(ProjectConfigurationPlatforms) = postSolution
		{835FDA39-1C07-4089-9F90-510B5B7E75C6}.Debug|x64.ActiveCfg = Debug|x64
		{835FDA39-1C07-4089-9F90-510B5B7E75C6}.Debug|x64.Build.0 = Debug|x64
		{835FDA39-1C07-4089-9F90-510B5B7E75C6}.Debug|x86.ActiveCfg = Debug|Win32
		{835FDA39-1C07-4089-9F90-510B5B7E75C6}.Debug|x86.Build.0 = Debug|Win32
		{835FDA39-1C07-4089-9F90-510B5B7E75C6}.Release|x64.ActiveCfg = Release|x64
		{835FDA39-1C07-4089-9F90-510B5B7E75C6}.Release|x64.Build.0 = Release|x64
		{835FDA39-1C07-4089-9F90-510B5B7E75C6}.Release|x86.ActiveCfg = Release|Win32
		{835FDA39-1C07-4089-9F90-510B5B7E75C6}.Release|x86.Build.0 = Release|Win32
	EndGlobalSection
	GlobalSection(SolutionProperties) = preSolution
		HideSolutionNode = FALSE
	EndGlobalSection
	GlobalSection(ExtensibilityGlobals) = postSolution
		SolutionGuid = {84F01094-FE0B-463D-B9C2-8EB696AF68BE}
	EndGlobalSection
EndGlobal
